
Microsoft Visual Studio Solution File, Format Version 12.00
# Visual Studio Version 16
VisualStudioVersion = 16.0.31205.134
MinimumVisualStudioVersion = 10.0.40219.1
Project("{9A19103F-16F7-4668-BE54-9A1E7A4F7556}") = "Primeiro", "Primeiro\Primeiro.csproj", "{CBE3D156-C31A-4F4E-9886-644049B0D321}"
EndProject
Project("{9A19103F-16F7-4668-BE54-9A1E7A4F7556}") = "Excerícios URI", "Excerícios URI\Excerícios URI.csproj", "{C47686E3-0788-4839-AB33-8A20DB94CCE5}"
EndProject
Project("{9A19103F-16F7-4668-BE54-9A1E7A4F7556}") = "Exercício", "Exercício\Exercício.csproj", "{8290BCD5-E6BF-418C-AA66-0EE2D10F45FB}"
EndProject
Project("{9A19103F-16F7-4668-BE54-9A1E7A4F7556}") = "Exercício Classe", "Exercício Classe\Exercício Classe.csproj", "{C7231D70-9625-42D5-BE28-7906ED18B93A}"
EndProject
Project("{9A19103F-16F7-4668-BE54-9A1E7A4F7556}") = "Exercício Classe 2", "Exercício Classe 2\Exercício Classe 2.csproj", "{A32DDF08-9FF8-4090-B6EB-DD654EC29EC2}"
EndProject
Project("{9A19103F-16F7-4668-BE54-9A1E7A4F7556}") = "Exercício Classe 3", "Exercício Classe 3\Exercício Classe 3.csproj", "{C29CA6A7-1EF4-4456-BDD7-E0AB02863B0D}"
EndProject
Project("{9A19103F-16F7-4668-BE54-9A1E7A4F7556}") = "Exercício Classe 4", "Exercício Classe 4\Exercício Classe 4.csproj", "{571D7CDC-3BA6-414B-9EB4-CE2499322322}"
EndProject
Project("{9A19103F-16F7-4668-BE54-9A1E7A4F7556}") = "Exercício Lista", "Calculadora\Exercício Lista.csproj", "{F65EE3A8-B267-4AEE-AF40-03B484FF7311}"
EndProject
Global
	GlobalSection(SolutionConfigurationPlatforms) = preSolution
		Debug|Any CPU = Debug|Any CPU
		Release|Any CPU = Release|Any CPU
	EndGlobalSection
	GlobalSection(ProjectConfigurationPlatforms) = postSolution
		{CBE3D156-C31A-4F4E-9886-644049B0D321}.Debug|Any CPU.ActiveCfg = Debug|Any CPU
		{CBE3D156-C31A-4F4E-9886-644049B0D321}.Debug|Any CPU.Build.0 = Debug|Any CPU
		{CBE3D156-C31A-4F4E-9886-644049B0D321}.Release|Any CPU.ActiveCfg = Release|Any CPU
		{CBE3D156-C31A-4F4E-9886-644049B0D321}.Release|Any CPU.Build.0 = Release|Any CPU
		{C47686E3-0788-4839-AB33-8A20DB94CCE5}.Debug|Any CPU.ActiveCfg = Debug|Any CPU
		{C47686E3-0788-4839-AB33-8A20DB94CCE5}.Debug|Any CPU.Build.0 = Debug|Any CPU
		{C47686E3-0788-4839-AB33-8A20DB94CCE5}.Release|Any CPU.ActiveCfg = Release|Any CPU
		{C47686E3-0788-4839-AB33-8A20DB94CCE5}.Release|Any CPU.Build.0 = Release|Any CPU
		{8290BCD5-E6BF-418C-AA66-0EE2D10F45FB}.Debug|Any CPU.ActiveCfg = Debug|Any CPU
		{8290BCD5-E6BF-418C-AA66-0EE2D10F45FB}.Debug|Any CPU.Build.0 = Debug|Any CPU
		{8290BCD5-E6BF-418C-AA66-0EE2D10F45FB}.Release|Any CPU.ActiveCfg = Release|Any CPU
		{8290BCD5-E6BF-418C-AA66-0EE2D10F45FB}.Release|Any CPU.Build.0 = Release|Any CPU
		{C7231D70-9625-42D5-BE28-7906ED18B93A}.Debug|Any CPU.ActiveCfg = Debug|Any CPU
		{C7231D70-9625-42D5-BE28-7906ED18B93A}.Debug|Any CPU.Build.0 = Debug|Any CPU
		{C7231D70-9625-42D5-BE28-7906ED18B93A}.Release|Any CPU.ActiveCfg = Release|Any CPU
		{C7231D70-9625-42D5-BE28-7906ED18B93A}.Release|Any CPU.Build.0 = Release|Any CPU
		{A32DDF08-9FF8-4090-B6EB-DD654EC29EC2}.Debug|Any CPU.ActiveCfg = Debug|Any CPU
		{A32DDF08-9FF8-4090-B6EB-DD654EC29EC2}.Debug|Any CPU.Build.0 = Debug|Any CPU
		{A32DDF08-9FF8-4090-B6EB-DD654EC29EC2}.Release|Any CPU.ActiveCfg = Release|Any CPU
		{A32DDF08-9FF8-4090-B6EB-DD654EC29EC2}.Release|Any CPU.Build.0 = Release|Any CPU
		{C29CA6A7-1EF4-4456-BDD7-E0AB02863B0D}.Debug|Any CPU.ActiveCfg = Debug|Any CPU
		{C29CA6A7-1EF4-4456-BDD7-E0AB02863B0D}.Debug|Any CPU.Build.0 = Debug|Any CPU
		{C29CA6A7-1EF4-4456-BDD7-E0AB02863B0D}.Release|Any CPU.ActiveCfg = Release|Any CPU
		{C29CA6A7-1EF4-4456-BDD7-E0AB02863B0D}.Release|Any CPU.Build.0 = Release|Any CPU
		{571D7CDC-3BA6-414B-9EB4-CE2499322322}.Debug|Any CPU.ActiveCfg = Debug|Any CPU
		{571D7CDC-3BA6-414B-9EB4-CE2499322322}.Debug|Any CPU.Build.0 = Debug|Any CPU
		{571D7CDC-3BA6-414B-9EB4-CE2499322322}.Release|Any CPU.ActiveCfg = Release|Any CPU
		{571D7CDC-3BA6-414B-9EB4-CE2499322322}.Release|Any CPU.Build.0 = Release|Any CPU
		{F65EE3A8-B267-4AEE-AF40-03B484FF7311}.Debug|Any CPU.ActiveCfg = Debug|Any CPU
		{F65EE3A8-B267-4AEE-AF40-03B484FF7311}.Debug|Any CPU.Build.0 = Debug|Any CPU
		{F65EE3A8-B267-4AEE-AF40-03B484FF7311}.Release|Any CPU.ActiveCfg = Release|Any CPU
		{F65EE3A8-B267-4AEE-AF40-03B484FF7311}.Release|Any CPU.Build.0 = Release|Any CPU
	EndGlobalSection
	GlobalSection(SolutionProperties) = preSolution
		HideSolutionNode = FALSE
	EndGlobalSection
	GlobalSection(ExtensibilityGlobals) = postSolution
		SolutionGuid = {1956D3B8-97A7-4BE4-BAA9-2806DEDE7247}
	EndGlobalSection
EndGlobal
